
Microsoft Visual Studio Solution File, Format Version 12.00
# Visual Studio Version 16
VisualStudioVersion = 16.0.31424.327
MinimumVisualStudioVersion = 10.0.40219.1
Project("{9A19103F-16F7-4668-BE54-9A1E7A4F7556}") = "HardwareStoreAPI", "HardwareStoreAPI\HardwareStoreAPI.csproj", "{4BAEF740-2472-429F-99F6-D58685507833}"
EndProject
Project("{9A19103F-16F7-4668-BE54-9A1E7A4F7556}") = "DataAccessLibrary", "DataAccessLibrary\DataAccessLibrary.csproj", "{8AC27AF7-E2BC-467B-B667-DE94F031F0ED}"
EndProject
Project("{FAE04EC0-301F-11D3-BF4B-00C04F79EFBC}") = "HardwareStoreBusinessLogicLibrary", "HardwareStoreBusinessLogicLibrary\HardwareStoreBusinessLogicLibrary.csproj", "{A0D07C7E-05F9-4DAD-B700-8BBA48B0A891}"
EndProject
Global
	GlobalSection(SolutionConfigurationPlatforms) = preSolution
		Debug|Any CPU = Debug|Any CPU
		Release|Any CPU = Release|Any CPU
	EndGlobalSection
	GlobalSection(ProjectConfigurationPlatforms) = postSolution
		{4BAEF740-2472-429F-99F6-D58685507833}.Debug|Any CPU.ActiveCfg = Debug|Any CPU
		{4BAEF740-2472-429F-99F6-D58685507833}.Debug|Any CPU.Build.0 = Debug|Any CPU
		{4BAEF740-2472-429F-99F6-D58685507833}.Release|Any CPU.ActiveCfg = Release|Any CPU
		{4BAEF740-2472-429F-99F6-D58685507833}.Release|Any CPU.Build.0 = Release|Any CPU
		{8AC27AF7-E2BC-467B-B667-DE94F031F0ED}.Debug|Any CPU.ActiveCfg = Debug|Any CPU
		{8AC27AF7-E2BC-467B-B667-DE94F031F0ED}.Debug|Any CPU.Build.0 = Debug|Any CPU
		{8AC27AF7-E2BC-467B-B667-DE94F031F0ED}.Release|Any CPU.ActiveCfg = Release|Any CPU
		{8AC27AF7-E2BC-467B-B667-DE94F031F0ED}.Release|Any CPU.Build.0 = Release|Any CPU
		{A0D07C7E-05F9-4DAD-B700-8BBA48B0A891}.Debug|Any CPU.ActiveCfg = Debug|Any CPU
		{A0D07C7E-05F9-4DAD-B700-8BBA48B0A891}.Debug|Any CPU.Build.0 = Debug|Any CPU
		{A0D07C7E-05F9-4DAD-B700-8BBA48B0A891}.Release|Any CPU.ActiveCfg = Release|Any CPU
		{A0D07C7E-05F9-4DAD-B700-8BBA48B0A891}.Release|Any CPU.Build.0 = Release|Any CPU
	EndGlobalSection
	GlobalSection(SolutionProperties) = preSolution
		HideSolutionNode = FALSE
	EndGlobalSection
	GlobalSection(ExtensibilityGlobals) = postSolution
		SolutionGuid = {1AB1C342-682B-4E62-973F-004308C77657}
	EndGlobalSection
EndGlobal
